
Microsoft Visual Studio Solution File, Format Version 12.00
# Visual Studio 15
VisualStudioVersion = 15.0.27004.2010
MinimumVisualStudioVersion = 10.0.40219.1
Project("{FAE04EC0-301F-11D3-BF4B-00C04F79EFBC}") = "GUI", "GUI\GUI.csproj", "{52204626-865B-42F4-A0D8-3E998F66952B}"
EndProject
Global
	GlobalSection(SolutionConfigurationPlatforms) = preSolution
		Debug|Any CPU = Debug|Any CPU
		Release|Any CPU = Release|Any CPU
	EndGlobalSection
	GlobalSection(ProjectConfigurationPlatforms) = postSolution
		{52204626-865B-42F4-A0D8-3E998F66952B}.Debug|Any CPU.ActiveCfg = Debug|Any CPU
		{52204626-865B-42F4-A0D8-3E998F66952B}.Debug|Any CPU.Build.0 = Debug|Any CPU
		{52204626-865B-42F4-A0D8-3E998F66952B}.Debug|Any CPU.Deploy.0 = Debug|Any CPU
		{52204626-865B-42F4-A0D8-3E998F66952B}.Release|Any CPU.ActiveCfg = Release|Any CPU
		{52204626-865B-42F4-A0D8-3E998F66952B}.Release|Any CPU.Build.0 = Release|Any CPU
		{52204626-865B-42F4-A0D8-3E998F66952B}.Release|Any CPU.Deploy.0 = Release|Any CPU
	EndGlobalSection
	GlobalSection(SolutionProperties) = preSolution
		HideSolutionNode = FALSE
	EndGlobalSection
	GlobalSection(ExtensibilityGlobals) = postSolution
		SolutionGuid = {CEA21348-ADB2-455A-90CB-9F3441BE9018}
	EndGlobalSection
EndGlobal
